
Microsoft Visual Studio Solution File, Format Version 12.00
# Visual Studio Version 16
VisualStudioVersion = 16.0.30907.101
MinimumVisualStudioVersion = 10.0.40219.1
Project("{FAE04EC0-301F-11D3-BF4B-00C04F79EFBC}") = "DVDecorator", "DVDecorator.csproj", "{0DB2BD53-A8E6-4057-BC16-9EFD0073CBF3}"
EndProject
Global
	GlobalSection(SolutionConfigurationPlatforms) = preSolution
		Debug|Any CPU = Debug|Any CPU
		Release|Any CPU = Release|Any CPU
	EndGlobalSection
	GlobalSection(ProjectConfigurationPlatforms) = postSolution
		{0DB2BD53-A8E6-4057-BC16-9EFD0073CBF3}.Debug|Any CPU.ActiveCfg = Debug|Any CPU
		{0DB2BD53-A8E6-4057-BC16-9EFD0073CBF3}.Debug|Any CPU.Build.0 = Debug|Any CPU
		{0DB2BD53-A8E6-4057-BC16-9EFD0073CBF3}.Release|Any CPU.ActiveCfg = Release|Any CPU
		{0DB2BD53-A8E6-4057-BC16-9EFD0073CBF3}.Release|Any CPU.Build.0 = Release|Any CPU
	EndGlobalSection
	GlobalSection(SolutionProperties) = preSolution
		HideSolutionNode = FALSE
	EndGlobalSection
	GlobalSection(ExtensibilityGlobals) = postSolution
		SolutionGuid = {9C04CFD2-B293-4CEF-95ED-A6C14DBBF6F7}
	EndGlobalSection
EndGlobal
